
Microsoft Visual Studio Solution File, Format Version 12.00
# Visual Studio 14
VisualStudioVersion = 14.0.24720.0
MinimumVisualStudioVersion = 10.0.40219.1
Project("{FAE04EC0-301F-11D3-BF4B-00C04F79EFBC}") = "FirstTask", "FirstTask\FirstTask.csproj", "{3BE56FAC-D6BB-4ABC-86AE-E0FDE5B4315E}"
EndProject
Project("{FAE04EC0-301F-11D3-BF4B-00C04F79EFBC}") = "SecondTask", "SecondTask\SecondTask.csproj", "{35A97A76-8902-4FF8-8029-3CE0ACC2DF19}"
EndProject
Project("{FAE04EC0-301F-11D3-BF4B-00C04F79EFBC}") = "FourthTask", "FourthTask\FourthTask.csproj", "{79C9B0CB-3959-493A-B570-F85D5ADF4CD1}"
EndProject
Global
	GlobalSection(SolutionConfigurationPlatforms) = preSolution
		Debug|Any CPU = Debug|Any CPU
		Release|Any CPU = Release|Any CPU
	EndGlobalSection
	GlobalSection(ProjectConfigurationPlatforms) = postSolution
		{3BE56FAC-D6BB-4ABC-86AE-E0FDE5B4315E}.Debug|Any CPU.ActiveCfg = Debug|Any CPU
		{3BE56FAC-D6BB-4ABC-86AE-E0FDE5B4315E}.Debug|Any CPU.Build.0 = Debug|Any CPU
		{3BE56FAC-D6BB-4ABC-86AE-E0FDE5B4315E}.Release|Any CPU.ActiveCfg = Release|Any CPU
		{3BE56FAC-D6BB-4ABC-86AE-E0FDE5B4315E}.Release|Any CPU.Build.0 = Release|Any CPU
		{35A97A76-8902-4FF8-8029-3CE0ACC2DF19}.Debug|Any CPU.ActiveCfg = Debug|Any CPU
		{35A97A76-8902-4FF8-8029-3CE0ACC2DF19}.Debug|Any CPU.Build.0 = Debug|Any CPU
		{35A97A76-8902-4FF8-8029-3CE0ACC2DF19}.Release|Any CPU.ActiveCfg = Release|Any CPU
		{35A97A76-8902-4FF8-8029-3CE0ACC2DF19}.Release|Any CPU.Build.0 = Release|Any CPU
		{79C9B0CB-3959-493A-B570-F85D5ADF4CD1}.Debug|Any CPU.ActiveCfg = Debug|Any CPU
		{79C9B0CB-3959-493A-B570-F85D5ADF4CD1}.Debug|Any CPU.Build.0 = Debug|Any CPU
		{79C9B0CB-3959-493A-B570-F85D5ADF4CD1}.Release|Any CPU.ActiveCfg = Release|Any CPU
		{79C9B0CB-3959-493A-B570-F85D5ADF4CD1}.Release|Any CPU.Build.0 = Release|Any CPU
	EndGlobalSection
	GlobalSection(SolutionProperties) = preSolution
		HideSolutionNode = FALSE
	EndGlobalSection
EndGlobal
