
Microsoft Visual Studio Solution File, Format Version 12.00
# Visual Studio 14
VisualStudioVersion = 14.0.24720.0
MinimumVisualStudioVersion = 10.0.40219.1
Project("{FAE04EC0-301F-11D3-BF4B-00C04F79EFBC}") = "Events", "Events\Events.csproj", "{A8A4B4D3-0461-4664-BD34-A902B208315A}"
EndProject
Project("{FAE04EC0-301F-11D3-BF4B-00C04F79EFBC}") = "Bunnies", "Bunnies\Bunnies.csproj", "{223CAC99-FA7F-4BFB-8F98-74687463A7DE}"
EndProject
Global
	GlobalSection(SolutionConfigurationPlatforms) = preSolution
		Debug|Any CPU = Debug|Any CPU
		Release|Any CPU = Release|Any CPU
	EndGlobalSection
	GlobalSection(ProjectConfigurationPlatforms) = postSolution
		{A8A4B4D3-0461-4664-BD34-A902B208315A}.Debug|Any CPU.ActiveCfg = Debug|Any CPU
		{A8A4B4D3-0461-4664-BD34-A902B208315A}.Debug|Any CPU.Build.0 = Debug|Any CPU
		{A8A4B4D3-0461-4664-BD34-A902B208315A}.Release|Any CPU.ActiveCfg = Release|Any CPU
		{A8A4B4D3-0461-4664-BD34-A902B208315A}.Release|Any CPU.Build.0 = Release|Any CPU
		{223CAC99-FA7F-4BFB-8F98-74687463A7DE}.Debug|Any CPU.ActiveCfg = Debug|Any CPU
		{223CAC99-FA7F-4BFB-8F98-74687463A7DE}.Debug|Any CPU.Build.0 = Debug|Any CPU
		{223CAC99-FA7F-4BFB-8F98-74687463A7DE}.Release|Any CPU.ActiveCfg = Release|Any CPU
		{223CAC99-FA7F-4BFB-8F98-74687463A7DE}.Release|Any CPU.Build.0 = Release|Any CPU
	EndGlobalSection
	GlobalSection(SolutionProperties) = preSolution
		HideSolutionNode = FALSE
	EndGlobalSection
EndGlobal
